
Microsoft Visual Studio Solution File, Format Version 12.00
# Visual Studio Version 17
VisualStudioVersion = 17.5.33516.290
MinimumVisualStudioVersion = 10.0.40219.1
Project("{9A19103F-16F7-4668-BE54-9A1E7A4F7556}") = "Ecommerce.Model", "Ecommerce.Model\Ecommerce.Model.csproj", "{81A50DD4-8D3F-45A9-86E5-BD6C31E55689}"
EndProject
Project("{9A19103F-16F7-4668-BE54-9A1E7A4F7556}") = "Ecommerce.Repository", "Ecommerce.Repository\Ecommerce.Repository.csproj", "{FE6E3807-D6CA-4A33-8EB6-D414F010B313}"
EndProject
Project("{9A19103F-16F7-4668-BE54-9A1E7A4F7556}") = "Ecommerce.Service", "Ecommerce.Service\Ecommerce.Service.csproj", "{DA4C266F-887A-4943-B3F6-B16A2C7847B6}"
EndProject
Project("{9A19103F-16F7-4668-BE54-9A1E7A4F7556}") = "Ecommerce.DTO", "Ecommerce.DTO\Ecommerce.DTO.csproj", "{B65B94E4-70FF-4626-A961-4D04EF2853FF}"
EndProject
Project("{9A19103F-16F7-4668-BE54-9A1E7A4F7556}") = "Ecommerce.Utilities", "Ecommerce.Utilities\Ecommerce.Utilities.csproj", "{B9B81420-98E7-4FE1-9920-24B536EB7424}"
EndProject
Project("{9A19103F-16F7-4668-BE54-9A1E7A4F7556}") = "Ecommerce.API", "Ecommerce.API\Ecommerce.API.csproj", "{17AB6563-AE00-4EE5-8D50-821468D97BD7}"
EndProject
Project("{9A19103F-16F7-4668-BE54-9A1E7A4F7556}") = "Ecommerce.WebAssembly", "Ecommerce.WebAssembly\Ecommerce.WebAssembly.csproj", "{B901284F-8A6D-4AC4-B491-15C1A1615C94}"
EndProject
Global
	GlobalSection(SolutionConfigurationPlatforms) = preSolution
		Debug|Any CPU = Debug|Any CPU
		Release|Any CPU = Release|Any CPU
	EndGlobalSection
	GlobalSection(ProjectConfigurationPlatforms) = postSolution
		{81A50DD4-8D3F-45A9-86E5-BD6C31E55689}.Debug|Any CPU.ActiveCfg = Debug|Any CPU
		{81A50DD4-8D3F-45A9-86E5-BD6C31E55689}.Debug|Any CPU.Build.0 = Debug|Any CPU
		{81A50DD4-8D3F-45A9-86E5-BD6C31E55689}.Release|Any CPU.ActiveCfg = Release|Any CPU
		{81A50DD4-8D3F-45A9-86E5-BD6C31E55689}.Release|Any CPU.Build.0 = Release|Any CPU
		{FE6E3807-D6CA-4A33-8EB6-D414F010B313}.Debug|Any CPU.ActiveCfg = Debug|Any CPU
		{FE6E3807-D6CA-4A33-8EB6-D414F010B313}.Debug|Any CPU.Build.0 = Debug|Any CPU
		{FE6E3807-D6CA-4A33-8EB6-D414F010B313}.Release|Any CPU.ActiveCfg = Release|Any CPU
		{FE6E3807-D6CA-4A33-8EB6-D414F010B313}.Release|Any CPU.Build.0 = Release|Any CPU
		{DA4C266F-887A-4943-B3F6-B16A2C7847B6}.Debug|Any CPU.ActiveCfg = Debug|Any CPU
		{DA4C266F-887A-4943-B3F6-B16A2C7847B6}.Debug|Any CPU.Build.0 = Debug|Any CPU
		{DA4C266F-887A-4943-B3F6-B16A2C7847B6}.Release|Any CPU.ActiveCfg = Release|Any CPU
		{DA4C266F-887A-4943-B3F6-B16A2C7847B6}.Release|Any CPU.Build.0 = Release|Any CPU
		{B65B94E4-70FF-4626-A961-4D04EF2853FF}.Debug|Any CPU.ActiveCfg = Debug|Any CPU
		{B65B94E4-70FF-4626-A961-4D04EF2853FF}.Debug|Any CPU.Build.0 = Debug|Any CPU
		{B65B94E4-70FF-4626-A961-4D04EF2853FF}.Release|Any CPU.ActiveCfg = Release|Any CPU
		{B65B94E4-70FF-4626-A961-4D04EF2853FF}.Release|Any CPU.Build.0 = Release|Any CPU
		{B9B81420-98E7-4FE1-9920-24B536EB7424}.Debug|Any CPU.ActiveCfg = Debug|Any CPU
		{B9B81420-98E7-4FE1-9920-24B536EB7424}.Debug|Any CPU.Build.0 = Debug|Any CPU
		{B9B81420-98E7-4FE1-9920-24B536EB7424}.Release|Any CPU.ActiveCfg = Release|Any CPU
		{B9B81420-98E7-4FE1-9920-24B536EB7424}.Release|Any CPU.Build.0 = Release|Any CPU
		{17AB6563-AE00-4EE5-8D50-821468D97BD7}.Debug|Any CPU.ActiveCfg = Debug|Any CPU
		{17AB6563-AE00-4EE5-8D50-821468D97BD7}.Debug|Any CPU.Build.0 = Debug|Any CPU
		{17AB6563-AE00-4EE5-8D50-821468D97BD7}.Release|Any CPU.ActiveCfg = Release|Any CPU
		{17AB6563-AE00-4EE5-8D50-821468D97BD7}.Release|Any CPU.Build.0 = Release|Any CPU
		{B901284F-8A6D-4AC4-B491-15C1A1615C94}.Debug|Any CPU.ActiveCfg = Debug|Any CPU
		{B901284F-8A6D-4AC4-B491-15C1A1615C94}.Debug|Any CPU.Build.0 = Debug|Any CPU
		{B901284F-8A6D-4AC4-B491-15C1A1615C94}.Release|Any CPU.ActiveCfg = Release|Any CPU
		{B901284F-8A6D-4AC4-B491-15C1A1615C94}.Release|Any CPU.Build.0 = Release|Any CPU
	EndGlobalSection
	GlobalSection(SolutionProperties) = preSolution
		HideSolutionNode = FALSE
	EndGlobalSection
	GlobalSection(ExtensibilityGlobals) = postSolution
		SolutionGuid = {DC37E602-4C51-4FD2-81C6-998FE16D470D}
	EndGlobalSection
EndGlobal
